{
  "version": 4,
  "terraform_version": "1.13.1",
  "serial": 4,
  "lineage": "2e5912af-fce2-9aeb-09f2-6367db1189f6",
  "outputs": {},
  "resources": [
    {
      "mode": "managed",
      "type": "local_file",
      "name": "my_file",
      "provider": "provider[\"registry.terraform.io/hashicorp/local\"]",
      "instances": [
        {
          "schema_version": 0,
          "attributes": {
            "content": "hello everyone",
            "content_base64": null,
            "content_base64sha256": "4J+XD3N8+wAESnzgzhVrOsB58ZNjQflTfV7380OSZNQ=",
            "content_base64sha512": "e3uByCobOpX/FMRLMU8XkSwdopqYi6SSTw/oNkaRnKhXQ2BRowlgun8Wyx5/jTBfYBiyh3YL0c0aB0fcDbJRSg==",
            "content_md5": "d07f5871c889a088fdcaba9628003203",
            "content_sha1": "2d22b5b3df8b0ef47806601540da8cec0fb40bd6",
            "content_sha256": "e09f970f737cfb00044a7ce0ce156b3ac079f1936341f9537d5ef7f3439264d4",
            "content_sha512": "7b7b81c82a1b3a95ff14c44b314f17912c1da29a988ba4924f0fe83646919ca857436051a30960ba7f16cb1e7f8d305f6018b287760bd1cd1a0747dc0db2514a",
            "directory_permission": "0777",
            "file_permission": "0777",
            "filename": "automate.txt",
            "id": "2d22b5b3df8b0ef47806601540da8cec0fb40bd6",
            "sensitive_content": null,
            "source": null
          },
          "sensitive_attributes": [
            [
              {
                "type": "get_attr",
                "value": "sensitive_content"
              }
            ]
          ],
          "identity_schema_version": 0
        }
      ]
    }
  ],
  "check_results": null
}
